
Microsoft Visual Studio Solution File, Format Version 12.00
# Visual Studio Version 17
VisualStudioVersion = 17.11.35312.102
MinimumVisualStudioVersion = 10.0.40219.1
Project("{FAE04EC0-301F-11D3-BF4B-00C04F79EFBC}") = "MapGenerator", "MapGenerator.csproj", "{9B45289D-D2E6-4B0E-AC39-FB23F483EE2A}"
EndProject
Global
	GlobalSection(SolutionConfigurationPlatforms) = preSolution
		Debug|Any CPU = Debug|Any CPU
		Release|Any CPU = Release|Any CPU
	EndGlobalSection
	GlobalSection(ProjectConfigurationPlatforms) = postSolution
		{9B45289D-D2E6-4B0E-AC39-FB23F483EE2A}.Debug|Any CPU.ActiveCfg = Debug|Any CPU
		{9B45289D-D2E6-4B0E-AC39-FB23F483EE2A}.Debug|Any CPU.Build.0 = Debug|Any CPU
		{9B45289D-D2E6-4B0E-AC39-FB23F483EE2A}.Release|Any CPU.ActiveCfg = Release|Any CPU
		{9B45289D-D2E6-4B0E-AC39-FB23F483EE2A}.Release|Any CPU.Build.0 = Release|Any CPU
	EndGlobalSection
	GlobalSection(SolutionProperties) = preSolution
		HideSolutionNode = FALSE
	EndGlobalSection
	GlobalSection(ExtensibilityGlobals) = postSolution
		SolutionGuid = {CA05C1A2-48E3-4F24-AA44-DB35B61EE307}
	EndGlobalSection
EndGlobal
